// !$*UTF8*$!
{
	archiveVersion = 1;
	classes = {
	};
	objectVersion = 46;
	objects = {

/* Begin PBXBuildFile section */
		1B706F7D1E0B74EE0009617B /* AppDelegate.swift in Sources */ = {isa = PBXBuildFile; fileRef = 1B706F7C1E0B74EE0009617B /* AppDelegate.swift */; };
		1B706F821E0B74EE0009617B /* Main.storyboard in Resources */ = {isa = PBXBuildFile; fileRef = 1B706F801E0B74EE0009617B /* Main.storyboard */; };
		1B706F841E0B74EE0009617B /* Assets.xcassets in Resources */ = {isa = PBXBuildFile; fileRef = 1B706F831E0B74EE0009617B /* Assets.xcassets */; };
		1B706F871E0B74EE0009617B /* LaunchScreen.storyboard in Resources */ = {isa = PBXBuildFile; fileRef = 1B706F851E0B74EE0009617B /* LaunchScreen.storyboard */; };
		1B706F8F1E0B7E2D0009617B /* GoogleService-Info.plist in Resources */ = {isa = PBXBuildFile; fileRef = 1B706F8E1E0B7E2D0009617B /* GoogleService-Info.plist */; };
		1B706FAF1E0CEDDA0009617B /* BeaconViewController.swift in Sources */ = {isa = PBXBuildFile; fileRef = 1B706FAE1E0CEDDA0009617B /* BeaconViewController.swift */; };
		1B706FB11E0CEDE80009617B /* MessageViewController.swift in Sources */ = {isa = PBXBuildFile; fileRef = 1B706FB01E0CEDE80009617B /* MessageViewController.swift */; };
		1B706FB41E0D08590009617B /* UserDefaults.swift in Sources */ = {isa = PBXBuildFile; fileRef = 1B706FB31E0D08590009617B /* UserDefaults.swift */; };
		1B706FB61E0D08770009617B /* PreferenceName.swift in Sources */ = {isa = PBXBuildFile; fileRef = 1B706FB51E0D08770009617B /* PreferenceName.swift */; };
		840727254B6DB39D8311387D /* Pods_FirebaseWithiBeacon.framework in Frameworks */ = {isa = PBXBuildFile; fileRef = C146DBCF8AF85F793FD748DB /* Pods_FirebaseWithiBeacon.framework */; };
/* End PBXBuildFile section */

/* Begin PBXFileReference section */
		1B706F791E0B74EE0009617B /* FirebaseWithiBeacon.app */ = {isa = PBXFileReference; explicitFileType = wrapper.application; includeInIndex = 0; path = FirebaseWithiBeacon.app; sourceTree = BUILT_PRODUCTS_DIR; };
		1B706F7C1E0B74EE0009617B /* AppDelegate.swift */ = {isa = PBXFileReference; lastKnownFileType = sourcecode.swift; path = AppDelegate.swift; sourceTree = "<group>"; };
		1B706F811E0B74EE0009617B /* Base */ = {isa = PBXFileReference; lastKnownFileType = file.storyboard; name = Base; path = Base.lproj/Main.storyboard; sourceTree = "<group>"; };
		1B706F831E0B74EE0009617B /* Assets.xcassets */ = {isa = PBXFileReference; lastKnownFileType = folder.assetcatalog; path = Assets.xcassets; sourceTree = "<group>"; };
		1B706F861E0B74EE0009617B /* Base */ = {isa = PBXFileReference; lastKnownFileType = file.storyboard; name = Base; path = Base.lproj/LaunchScreen.storyboard; sourceTree = "<group>"; };
		1B706F881E0B74EE0009617B /* Info.plist */ = {isa = PBXFileReference; lastKnownFileType = text.plist.xml; path = Info.plist; sourceTree = "<group>"; };
		1B706F8E1E0B7E2D0009617B /* GoogleService-Info.plist */ = {isa = PBXFileReference; fileEncoding = 4; lastKnownFileType = text.plist.xml; path = "GoogleService-Info.plist"; sourceTree = "<group>"; };
		1B706FAE1E0CEDDA0009617B /* BeaconViewController.swift */ = {isa = PBXFileReference; fileEncoding = 4; lastKnownFileType = sourcecode.swift; path = BeaconViewController.swift; sourceTree = "<group>"; };
		1B706FB01E0CEDE80009617B /* MessageViewController.swift */ = {isa = PBXFileReference; fileEncoding = 4; lastKnownFileType = sourcecode.swift; path = MessageViewController.swift; sourceTree = "<group>"; };
		1B706FB31E0D08590009617B /* UserDefaults.swift */ = {isa = PBXFileReference; fileEncoding = 4; lastKnownFileType = sourcecode.swift; path = UserDefaults.swift; sourceTree = "<group>"; };
		1B706FB51E0D08770009617B /* PreferenceName.swift */ = {isa = PBXFileReference; fileEncoding = 4; lastKnownFileType = sourcecode.swift; path = PreferenceName.swift; sourceTree = "<group>"; };
		7E3E68ADF95DA2245CA12392 /* Pods-FirebaseWithiBeacon.release.xcconfig */ = {isa = PBXFileReference; includeInIndex = 1; lastKnownFileType = text.xcconfig; name = "Pods-FirebaseWithiBeacon.release.xcconfig"; path = "Pods/Target Support Files/Pods-FirebaseWithiBeacon/Pods-FirebaseWithiBeacon.release.xcconfig"; sourceTree = "<group>"; };
		A6415A3374CE1784B2245FDD /* Pods-FirebaseWithiBeacon.debug.xcconfig */ = {isa = PBXFileReference; includeInIndex = 1; lastKnownFileType = text.xcconfig; name = "Pods-FirebaseWithiBeacon.debug.xcconfig"; path = "Pods/Target Support Files/Pods-FirebaseWithiBeacon/Pods-FirebaseWithiBeacon.debug.xcconfig"; sourceTree = "<group>"; };
		C146DBCF8AF85F793FD748DB /* Pods_FirebaseWithiBeacon.framework */ = {isa = PBXFileReference; explicitFileType = wrapper.framework; includeInIndex = 0; path = Pods_FirebaseWithiBeacon.framework; sourceTree = BUILT_PRODUCTS_DIR; };
/* End PBXFileReference section */

/* Begin PBXFrameworksBuildPhase section */
		1B706F761E0B74EE0009617B /* Frameworks */ = {
			isa = PBXFrameworksBuildPhase;
			buildActionMask = 2147483647;
			files = (
				840727254B6DB39D8311387D /* Pods_FirebaseWithiBeacon.framework in Frameworks */,
			);
			runOnlyForDeploymentPostprocessing = 0;
		};
/* End PBXFrameworksBuildPhase section */

/* Begin PBXGroup section */
		1B706F701E0B74EE0009617B = {
			isa = PBXGroup;
			children = (
				1B706F7B1E0B74EE0009617B /* FirebaseWithiBeacon */,
				1B706F7A1E0B74EE0009617B /* Products */,
				D4EAAA102C5B9949E596A482 /* Pods */,
				6306F2770B0C55A818A41A07 /* Frameworks */,
			);
			sourceTree = "<group>";
		};
		1B706F7A1E0B74EE0009617B /* Products */ = {
			isa = PBXGroup;
			children = (
				1B706F791E0B74EE0009617B /* FirebaseWithiBeacon.app */,
			);
			name = Products;
			sourceTree = "<group>";
		};
		1B706F7B1E0B74EE0009617B /* FirebaseWithiBeacon */ = {
			isa = PBXGroup;
			children = (
				1B706F7C1E0B74EE0009617B /* AppDelegate.swift */,
				1B706F801E0B74EE0009617B /* Main.storyboard */,
				1B706FAE1E0CEDDA0009617B /* BeaconViewController.swift */,
				1B706FB01E0CEDE80009617B /* MessageViewController.swift */,
				1B706FB31E0D08590009617B /* UserDefaults.swift */,
				1B706FB51E0D08770009617B /* PreferenceName.swift */,
				1B706FB21E0D083C0009617B /* Supporting Files */,
			);
			path = FirebaseWithiBeacon;
			sourceTree = "<group>";
		};
		1B706FB21E0D083C0009617B /* Supporting Files */ = {
			isa = PBXGroup;
			children = (
				1B706F831E0B74EE0009617B /* Assets.xcassets */,
				1B706F851E0B74EE0009617B /* LaunchScreen.storyboard */,
				1B706F881E0B74EE0009617B /* Info.plist */,
				1B706F8E1E0B7E2D0009617B /* GoogleService-Info.plist */,
			);
			name = "Supporting Files";
			sourceTree = "<group>";
		};
		6306F2770B0C55A818A41A07 /* Frameworks */ = {
			isa = PBXGroup;
			children = (
				C146DBCF8AF85F793FD748DB /* Pods_FirebaseWithiBeacon.framework */,
			);
			name = Frameworks;
			sourceTree = "<group>";
		};
		D4EAAA102C5B9949E596A482 /* Pods */ = {
			isa = PBXGroup;
			children = (
				A6415A3374CE1784B2245FDD /* Pods-FirebaseWithiBeacon.debug.xcconfig */,
				7E3E68ADF95DA2245CA12392 /* Pods-FirebaseWithiBeacon.release.xcconfig */,
			);
			name = Pods;
			sourceTree = "<group>";
		};
/* End PBXGroup section */

/* Begin PBXNativeTarget section */
		1B706F781E0B74EE0009617B /* FirebaseWithiBeacon */ = {
			isa = PBXNativeTarget;
			buildConfigurationList = 1B706F8B1E0B74EE0009617B /* Build configuration list for PBXNativeTarget "FirebaseWithiBeacon" */;
			buildPhases = (
				6E13833C92FDF08909DFAA33 /* [CP] Check Pods Manifest.lock */,
				1B706F751E0B74EE0009617B /* Sources */,
				1B706F761E0B74EE0009617B /* Frameworks */,
				1B706F771E0B74EE0009617B /* Resources */,
				57E90000BB27A2109CED276B /* [CP] Embed Pods Frameworks */,
				762A1FF0243ACA30FD9E6BF5 /* [CP] Copy Pods Resources */,
			);
			buildRules = (
			);
			dependencies = (
			);
			name = FirebaseWithiBeacon;
			productName = FirebaseWithiBeacon;
			productReference = 1B706F791E0B74EE0009617B /* FirebaseWithiBeacon.app */;
			productType = "com.apple.product-type.application";
		};
/* End PBXNativeTarget section */

/* Begin PBXProject section */
		1B706F711E0B74EE0009617B /* Project object */ = {
			isa = PBXProject;
			attributes = {
				LastSwiftUpdateCheck = 0820;
				LastUpgradeCheck = 0820;
				ORGANIZATIONNAME = YU;
				TargetAttributes = {
					1B706F781E0B74EE0009617B = {
						CreatedOnToolsVersion = 8.2.1;
						DevelopmentTeam = Y4L84BS83X;
						ProvisioningStyle = Automatic;
					};
				};
			};
			buildConfigurationList = 1B706F741E0B74EE0009617B /* Build configuration list for PBXProject "FirebaseWithiBeacon" */;
			compatibilityVersion = "Xcode 3.2";
			developmentRegion = English;
			hasScannedForEncodings = 0;
			knownRegions = (
				en,
				Base,
			);
			mainGroup = 1B706F701E0B74EE0009617B;
			productRefGroup = 1B706F7A1E0B74EE0009617B /* Products */;
			projectDirPath = "";
			projectRoot = "";
			targets = (
				1B706F781E0B74EE0009617B /* FirebaseWithiBeacon */,
			);
		};
/* End PBXProject section */

/* Begin PBXResourcesBuildPhase section */
		1B706F771E0B74EE0009617B /* Resources */ = {
			isa = PBXResourcesBuildPhase;
			buildActionMask = 2147483647;
			files = (
				1B706F871E0B74EE0009617B /* LaunchScreen.storyboard in Resources */,
				1B706F8F1E0B7E2D0009617B /* GoogleService-Info.plist in Resources */,
				1B706F841E0B74EE0009617B /* Assets.xcassets in Resources */,
				1B706F821E0B74EE0009617B /* Main.storyboard in Resources */,
			);
			runOnlyForDeploymentPostprocessing = 0;
		};
/* End PBXResourcesBuildPhase section */

/* Begin PBXShellScriptBuildPhase section */
		57E90000BB27A2109CED276B /* [CP] Embed Pods Frameworks */ = {
			isa = PBXShellScriptBuildPhase;
			buildActionMask = 2147483647;
			files = (
			);
			inputPaths = (
			);
			name = "[CP] Embed Pods Frameworks";
			outputPaths = (
			);
			runOnlyForDeploymentPostprocessing = 0;
			shellPath = /bin/sh;
			shellScript = "\"${SRCROOT}/Pods/Target Support Files/Pods-FirebaseWithiBeacon/Pods-FirebaseWithiBeacon-frameworks.sh\"\n";
			showEnvVarsInLog = 0;
		};
		6E13833C92FDF08909DFAA33 /* [CP] Check Pods Manifest.lock */ = {
			isa = PBXShellScriptBuildPhase;
			buildActionMask = 2147483647;
			files = (
			);
			inputPaths = (
			);
			name = "[CP] Check Pods Manifest.lock";
			outputPaths = (
			);
			runOnlyForDeploymentPostprocessing = 0;
			shellPath = /bin/sh;
			shellScript = "diff \"${PODS_ROOT}/../Podfile.lock\" \"${PODS_ROOT}/Manifest.lock\" > /dev/null\nif [ $? != 0 ] ; then\n    # print error to STDERR\n    echo \"error: The sandbox is not in sync with the Podfile.lock. Run 'pod install' or update your CocoaPods installation.\" >&2\n    exit 1\nfi\n";
			showEnvVarsInLog = 0;
		};
		762A1FF0243ACA30FD9E6BF5 /* [CP] Copy Pods Resources */ = {
			isa = PBXShellScriptBuildPhase;
			buildActionMask = 2147483647;
			files = (
			);
			inputPaths = (
			);
			name = "[CP] Copy Pods Resources";
			outputPaths = (
			);
			runOnlyForDeploymentPostprocessing = 0;
			shellPath = /bin/sh;
			shellScript = "\"${SRCROOT}/Pods/Target Support Files/Pods-FirebaseWithiBeacon/Pods-FirebaseWithiBeacon-resources.sh\"\n";
			showEnvVarsInLog = 0;
		};
/* End PBXShellScriptBuildPhase section */

/* Begin PBXSourcesBuildPhase section */
		1B706F751E0B74EE0009617B /* Sources */ = {
			isa = PBXSourcesBuildPhase;
			buildActionMask = 2147483647;
			files = (
				1B706FB61E0D08770009617B /* PreferenceName.swift in Sources */,
				1B706FB41E0D08590009617B /* UserDefaults.swift in Sources */,
				1B706FAF1E0CEDDA0009617B /* BeaconViewController.swift in Sources */,
				1B706FB11E0CEDE80009617B /* MessageViewController.swift in Sources */,
				1B706F7D1E0B74EE0009617B /* AppDelegate.swift in Sources */,
			);
			runOnlyForDeploymentPostprocessing = 0;
		};
/* End PBXSourcesBuildPhase section */

/* Begin PBXVariantGroup section */
		1B706F801E0B74EE0009617B /* Main.storyboard */ = {
			isa = PBXVariantGroup;
			children = (
				1B706F811E0B74EE0009617B /* Base */,
			);
			name = Main.storyboard;
			sourceTree = "<group>";
		};
		1B706F851E0B74EE0009617B /* LaunchScreen.storyboard */ = {
			isa = PBXVariantGroup;
			children = (
				1B706F861E0B74EE0009617B /* Base */,
			);
			name = LaunchScreen.storyboard;
			sourceTree = "<group>";
		};
/* End PBXVariantGroup section */

/* Begin XCBuildConfiguration section */
		1B706F891E0B74EE0009617B /* Debug */ = {
			isa = XCBuildConfiguration;
			buildSettings = {
				ALWAYS_SEARCH_USER_PATHS = NO;
				CLANG_ANALYZER_NONNULL = YES;
				CLANG_CXX_LANGUAGE_STANDARD = "gnu++0x";
				CLANG_CXX_LIBRARY = "libc++";
				CLANG_ENABLE_MODULES = YES;
				CLANG_ENABLE_OBJC_ARC = YES;
				CLANG_WARN_BOOL_CONVERSION = YES;
				CLANG_WARN_CONSTANT_CONVERSION = YES;
				CLANG_WARN_DIRECT_OBJC_ISA_USAGE = YES_ERROR;
				CLANG_WARN_DOCUMENTATION_COMMENTS = YES;
				CLANG_WARN_EMPTY_BODY = YES;
				CLANG_WARN_ENUM_CONVERSION = YES;
				CLANG_WARN_INFINITE_RECURSION = YES;
				CLANG_WARN_INT_CONVERSION = YES;
				CLANG_WARN_OBJC_ROOT_CLASS = YES_ERROR;
				CLANG_WARN_SUSPICIOUS_MOVE = YES;
				CLANG_WARN_UNREACHABLE_CODE = YES;
				CLANG_WARN__DUPLICATE_METHOD_MATCH = YES;
				"CODE_SIGN_IDENTITY[sdk=iphoneos*]" = "iPhone Developer";
				COPY_PHASE_STRIP = NO;
				DEBUG_INFORMATION_FORMAT = dwarf;
				ENABLE_STRICT_OBJC_MSGSEND = YES;
				ENABLE_TESTABILITY = YES;
				GCC_C_LANGUAGE_STANDARD = gnu99;
				GCC_DYNAMIC_NO_PIC = NO;
				GCC_NO_COMMON_BLOCKS = YES;
				GCC_OPTIMIZATION_LEVEL = 0;
				GCC_PREPROCESSOR_DEFINITIONS = (
					"DEBUG=1",
					"$(inherited)",
				);
				GCC_WARN_64_TO_32_BIT_CONVERSION = YES;
				GCC_WARN_ABOUT_RETURN_TYPE = YES_ERROR;
				GCC_WARN_UNDECLARED_SELECTOR = YES;
				GCC_WARN_UNINITIALIZED_AUTOS = YES_AGGRESSIVE;
				GCC_WARN_UNUSED_FUNCTION = YES;
				GCC_WARN_UNUSED_VARIABLE = YES;
				IPHONEOS_DEPLOYMENT_TARGET = 9.3;
				MTL_ENABLE_DEBUG_INFO = YES;
				ONLY_ACTIVE_ARCH = YES;
				SDKROOT = iphoneos;
				SWIFT_ACTIVE_COMPILATION_CONDITIONS = DEBUG;
				SWIFT_OPTIMIZATION_LEVEL = "-Onone";
			};
			name = Debug;
		};
		1B706F8A1E0B74EE0009617B /* Release */ = {
			isa = XCBuildConfiguration;
			buildSettings = {
				ALWAYS_SEARCH_USER_PATHS = NO;
				CLANG_ANALYZER_NONNULL = YES;
				CLANG_CXX_LANGUAGE_STANDARD = "gnu++0x";
				CLANG_CXX_LIBRARY = "libc++";
				CLANG_ENABLE_MODULES = YES;
				CLANG_ENABLE_OBJC_ARC = YES;
				CLANG_WARN_BOOL_CONVERSION = YES;
				CLANG_WARN_CONSTANT_CONVERSION = YES;
				CLANG_WARN_DIRECT_OBJC_ISA_USAGE = YES_ERROR;
				CLANG_WARN_DOCUMENTATION_COMMENTS = YES;
				CLANG_WARN_EMPTY_BODY = YES;
				CLANG_WARN_ENUM_CONVERSION = YES;
				CLANG_WARN_INFINITE_RECURSION = YES;
				CLANG_WARN_INT_CONVERSION = YES;
				CLANG_WARN_OBJC_ROOT_CLASS = YES_ERROR;
				CLANG_WARN_SUSPICIOUS_MOVE = YES;
				CLANG_WARN_UNREACHABLE_CODE = YES;
				CLANG_WARN__DUPLICATE_METHOD_MATCH = YES;
				"CODE_SIGN_IDENTITY[sdk=iphoneos*]" = "iPhone Developer";
				COPY_PHASE_STRIP = NO;
				DEBUG_INFORMATION_FORMAT = "dwarf-with-dsym";
				ENABLE_NS_ASSERTIONS = NO;
				ENABLE_STRICT_OBJC_MSGSEND = YES;
				GCC_C_LANGUAGE_STANDARD = gnu99;
				GCC_NO_COMMON_BLOCKS = YES;
				GCC_WARN_64_TO_32_BIT_CONVERSION = YES;
				GCC_WARN_ABOUT_RETURN_TYPE = YES_ERROR;
				GCC_WARN_UNDECLARED_SELECTOR = YES;
				GCC_WARN_UNINITIALIZED_AUTOS = YES_AGGRESSIVE;
				GCC_WARN_UNUSED_FUNCTION = YES;
				GCC_WARN_UNUSED_VARIABLE = YES;
				IPHONEOS_DEPLOYMENT_TARGET = 9.3;
				MTL_ENABLE_DEBUG_INFO = NO;
				SDKROOT = iphoneos;
				SWIFT_OPTIMIZATION_LEVEL = "-Owholemodule";
				VALIDATE_PRODUCT = YES;
			};
			name = Release;
		};
		1B706F8C1E0B74EE0009617B /* Debug */ = {
			isa = XCBuildConfiguration;
			baseConfigurationReference = A6415A3374CE1784B2245FDD /* Pods-FirebaseWithiBeacon.debug.xcconfig */;
			buildSettings = {
				ASSETCATALOG_COMPILER_APPICON_NAME = AppIcon;
				DEVELOPMENT_TEAM = Y4L84BS83X;
				INFOPLIST_FILE = FirebaseWithiBeacon/Info.plist;
				LD_RUNPATH_SEARCH_PATHS = "$(inherited) @executable_path/Frameworks";
				PRODUCT_BUNDLE_IDENTIFIER = com.yu.FirebaseWithiBeacon;
				PRODUCT_NAME = "$(TARGET_NAME)";
				SWIFT_VERSION = 3.0;
			};
			name = Debug;
		};
		1B706F8D1E0B74EE0009617B /* Release */ = {
			isa = XCBuildConfiguration;
			baseConfigurationReference = 7E3E68ADF95DA2245CA12392 /* Pods-FirebaseWithiBeacon.release.xcconfig */;
			buildSettings = {
				ASSETCATALOG_COMPILER_APPICON_NAME = AppIcon;
				DEVELOPMENT_TEAM = Y4L84BS83X;
				INFOPLIST_FILE = FirebaseWithiBeacon/Info.plist;
				LD_RUNPATH_SEARCH_PATHS = "$(inherited) @executable_path/Frameworks";
				PRODUCT_BUNDLE_IDENTIFIER = com.yu.FirebaseWithiBeacon;
				PRODUCT_NAME = "$(TARGET_NAME)";
				SWIFT_VERSION = 3.0;
			};
			name = Release;
		};
/* End XCBuildConfiguration section */

/* Begin XCConfigurationList section */
		1B706F741E0B74EE0009617B /* Build configuration list for PBXProject "FirebaseWithiBeacon" */ = {
			isa = XCConfigurationList;
			buildConfigurations = (
				1B706F891E0B74EE0009617B /* Debug */,
				1B706F8A1E0B74EE0009617B /* Release */,
			);
			defaultConfigurationIsVisible = 0;
			defaultConfigurationName = Release;
		};
		1B706F8B1E0B74EE0009617B /* Build configuration list for PBXNativeTarget "FirebaseWithiBeacon" */ = {
			isa = XCConfigurationList;
			buildConfigurations = (
				1B706F8C1E0B74EE0009617B /* Debug */,
				1B706F8D1E0B74EE0009617B /* Release */,
			);
			defaultConfigurationIsVisible = 0;
			defaultConfigurationName = Release;
		};
/* End XCConfigurationList section */
	};
	rootObject = 1B706F711E0B74EE0009617B /* Project object */;
}
